
Microsoft Visual Studio Solution File, Format Version 12.00
# SQL Server Management Studio Version 21
VisualStudioVersion = 17.14.36429.23
MinimumVisualStudioVersion = 10.0.40219.1
Project("{4F2E2C19-372F-40D8-9FA7-9D2138C6997A}") = "Tasks", "Tasks.ssmssqlproj", "{0828A465-32C2-03CE-9973-F351B869B944}"
EndProject
Global
	GlobalSection(SolutionConfigurationPlatforms) = preSolution
		Default|Default = Default|Default
	EndGlobalSection
	GlobalSection(ProjectConfigurationPlatforms) = postSolution
		{0828A465-32C2-03CE-9973-F351B869B944}.Default|Default.ActiveCfg = Default
		{49D92B81-9B27-4002-AA66-617EAAD71335}.Default|Default.ActiveCfg = Default
	EndGlobalSection
	GlobalSection(SolutionProperties) = preSolution
		HideSolutionNode = FALSE
	EndGlobalSection
	GlobalSection(ExtensibilityGlobals) = postSolution
		SolutionGuid = {82C20D59-B47B-471B-9962-9427D3E60E24}
	EndGlobalSection
EndGlobal
