
Microsoft Visual Studio Solution File, Format Version 12.00
# SQL Server Management Studio Version 21
VisualStudioVersion = 17.14.36603.0
MinimumVisualStudioVersion = 10.0.40219.1
Project("{4F2E2C19-372F-40D8-9FA7-9D2138C6997A}") = "Refresh", "Refresh.ssmssqlproj", "{41998FF0-4707-64BF-998A-33E5937FAA04}"
EndProject
Global
	GlobalSection(SolutionConfigurationPlatforms) = preSolution
		Default|Default = Default|Default
	EndGlobalSection
	GlobalSection(ProjectConfigurationPlatforms) = postSolution
		{41998FF0-4707-64BF-998A-33E5937FAA04}.Default|Default.ActiveCfg = Default
		{4B24914A-83F7-4439-9935-89381D8C71EA}.Default|Default.ActiveCfg = Default
	EndGlobalSection
	GlobalSection(SolutionProperties) = preSolution
		HideSolutionNode = FALSE
	EndGlobalSection
	GlobalSection(ExtensibilityGlobals) = postSolution
		SolutionGuid = {44E047F8-6E40-478B-9D5A-BB1C5E829653}
	EndGlobalSection
EndGlobal
